# THIS IS AN AUTOGENERATED FILE. DO NOT EDIT THIS FILE DIRECTLY.
# yarn lockfile v1


"@eliaspourquoi/heritage@^0.1.9":
  version "0.1.9"
  resolved "https://registry.yarnpkg.com/@eliaspourquoi/heritage/-/heritage-0.1.9.tgz#9d996daccd53cb599e84cf165a907fc102f85c5b"
  integrity sha512-S+bpLdGqaH05+EfUTGfvq72wR8dKVn+VwHVQbqlElIiVKnf0uEjjOEpUaw3Og3deZGzSScxZGV/ReMKBNQGPEA==
  dependencies:
    acorn "^7.2.0"
    node-fetch "^2.6.0"

acorn@^7.2.0:
  version "7.2.0"
  resolved "https://registry.yarnpkg.com/acorn/-/acorn-7.2.0.tgz#17ea7e40d7c8640ff54a694c889c26f31704effe"
  integrity sha512-apwXVmYVpQ34m/i71vrApRrRKCWQnZZF1+npOD0WV5xZFfwWOmKGQ2RWlfdy9vWITsenisM8M0Qeq8agcFHNiQ==

esbuild@^0.2.11:
  version "0.2.12"
  resolved "https://registry.yarnpkg.com/esbuild/-/esbuild-0.2.12.tgz#77db901f471de7e8732729ff928ffc12687be453"
  integrity sha512-+PMODPa6MshZlZryeNeXxqdHF2A4phUe1AIBDAPqgHWAe5N/9IqrmCcE6RVDei0caMV7D9EBMEuY/X8+Wp5xiw==

esdev@^0.1.1:
  version "0.1.1"
  resolved "https://registry.yarnpkg.com/esdev/-/esdev-0.1.1.tgz#0240b7b816c55fa58ff2408e272fd9334c3e7090"
  integrity sha512-51W+T+9ZcyF3plJZZY/5jH62hbc79pGYsZ3NL5Jug6qc4T8L/uZ18hoApvCULVnWYYSfSUwWTBU2D8uCty0qNA==
  dependencies:
    acorn "^7.2.0"
    esbuild "^0.2.11"
    mime "^2.4.5"
    servor "^3.3.1"

mime@^2.4.5:
  version "2.4.5"
  resolved "https://registry.yarnpkg.com/mime/-/mime-2.4.5.tgz#d8de2ecb92982dedbb6541c9b6841d7f218ea009"
  integrity sha512-3hQhEUF027BuxZjQA3s7rIv/7VCQPa27hN9u9g87sEkWaKwQPuXOkVKtOeiyUrnWqTDiOs8Ed2rwg733mB0R5w==

node-fetch@^2.6.0:
  version "2.6.0"
  resolved "https://registry.yarnpkg.com/node-fetch/-/node-fetch-2.6.0.tgz#e633456386d4aa55863f676a7ab0daa8fdecb0fd"
  integrity sha512-8dG4H5ujfvFiqDmVu9fQ5bOHUC15JMjMY/Zumv26oOvvVJjM67KF8koCWIabKQ1GJIa9r2mMZscBq/TbdOcmNA==

servor@^3.3.1:
  version "3.3.1"
  resolved "https://registry.yarnpkg.com/servor/-/servor-3.3.1.tgz#6862a9016837c5bd8c7ab20c05c775d72dfceab2"
  integrity sha512-3597Ob1ZKGzRYNZSgD/LSpiQcj3JRN6MvIDFUxkcwtWwUvXkrskhPT3Z5FiFFS3RIG0Je94x56Y9AfvY+mcvgA==
